{
  "pins" : [
    {
      "identity" : "resolver",
      "kind" : "remoteSourceControl",
      "location" : "https://github.com/hmlongco/Resolver.git",
      "state" : {
        "revision" : "2d15bf5b33b3c95704e84a5b2a43485606bdd5c4",
        "version" : "1.4.0"
      }
    },
    {
      "identity" : "tomtom-sdk-spm-core",
      "kind" : "remoteSourceControl",
      "location" : "https://github.com/tomtom-international/tomtom-sdk-spm-core",
      "state" : {
        "revision" : "78efdaf9e718771f0dac217b742e7f81569c2ca9",
        "version" : "0.53.1"
      }
    }
  ],
  "version" : 2
}
